
Microsoft Visual Studio Solution File, Format Version 12.00
# Visual Studio Version 16
VisualStudioVersion = 16.0.30413.136
MinimumVisualStudioVersion = 10.0.40219.1
Project("{FAE04EC0-301F-11D3-BF4B-00C04F79EFBC}") = "WS_Vista_Clases", "WS_Vista_Clases\WS_Vista_Clases.csproj", "{DAC3FE8D-3B2B-4BCF-99B5-13023023AAD6}"
EndProject
Project("{FAE04EC0-301F-11D3-BF4B-00C04F79EFBC}") = "WS_Vista_Proc", "WS_Vista_Proc\WS_Vista_Proc.csproj", "{588C4F1E-F933-4DC4-8F34-F71B710B276B}"
EndProject
Project("{FAE04EC0-301F-11D3-BF4B-00C04F79EFBC}") = "WS_Vista_Web", "WS_Vista_Web\WS_Vista_Web.csproj", "{EF2D945B-7B5F-49CD-ABBA-9D2E26619629}"
EndProject
Global
	GlobalSection(SolutionConfigurationPlatforms) = preSolution
		Debug|Any CPU = Debug|Any CPU
		Release|Any CPU = Release|Any CPU
	EndGlobalSection
	GlobalSection(ProjectConfigurationPlatforms) = postSolution
		{DAC3FE8D-3B2B-4BCF-99B5-13023023AAD6}.Debug|Any CPU.ActiveCfg = Debug|Any CPU
		{DAC3FE8D-3B2B-4BCF-99B5-13023023AAD6}.Debug|Any CPU.Build.0 = Debug|Any CPU
		{DAC3FE8D-3B2B-4BCF-99B5-13023023AAD6}.Release|Any CPU.ActiveCfg = Release|Any CPU
		{DAC3FE8D-3B2B-4BCF-99B5-13023023AAD6}.Release|Any CPU.Build.0 = Release|Any CPU
		{588C4F1E-F933-4DC4-8F34-F71B710B276B}.Debug|Any CPU.ActiveCfg = Debug|Any CPU
		{588C4F1E-F933-4DC4-8F34-F71B710B276B}.Debug|Any CPU.Build.0 = Debug|Any CPU
		{588C4F1E-F933-4DC4-8F34-F71B710B276B}.Release|Any CPU.ActiveCfg = Release|Any CPU
		{588C4F1E-F933-4DC4-8F34-F71B710B276B}.Release|Any CPU.Build.0 = Release|Any CPU
		{EF2D945B-7B5F-49CD-ABBA-9D2E26619629}.Debug|Any CPU.ActiveCfg = Debug|Any CPU
		{EF2D945B-7B5F-49CD-ABBA-9D2E26619629}.Debug|Any CPU.Build.0 = Debug|Any CPU
		{EF2D945B-7B5F-49CD-ABBA-9D2E26619629}.Release|Any CPU.ActiveCfg = Release|Any CPU
		{EF2D945B-7B5F-49CD-ABBA-9D2E26619629}.Release|Any CPU.Build.0 = Release|Any CPU
	EndGlobalSection
	GlobalSection(SolutionProperties) = preSolution
		HideSolutionNode = FALSE
	EndGlobalSection
	GlobalSection(ExtensibilityGlobals) = postSolution
		SolutionGuid = {DB007052-72E6-4851-A9CF-81D456CE24DD}
	EndGlobalSection
EndGlobal
